
Microsoft Visual Studio Solution File, Format Version 12.00
# Visual Studio Version 17
VisualStudioVersion = 17.5.002.0
MinimumVisualStudioVersion = 10.0.40219.1
Project("{9A19103F-16F7-4668-BE54-9A1E7A4F7556}") = "danielPellinenAngular", "danielPellinenAngular.csproj", "{6FAC162E-558F-46A5-8B08-07342EA035DE}"
EndProject
Global
	GlobalSection(SolutionConfigurationPlatforms) = preSolution
		Debug|Any CPU = Debug|Any CPU
		Release|Any CPU = Release|Any CPU
	EndGlobalSection
	GlobalSection(ProjectConfigurationPlatforms) = postSolution
		{6FAC162E-558F-46A5-8B08-07342EA035DE}.Debug|Any CPU.ActiveCfg = Debug|Any CPU
		{6FAC162E-558F-46A5-8B08-07342EA035DE}.Debug|Any CPU.Build.0 = Debug|Any CPU
		{6FAC162E-558F-46A5-8B08-07342EA035DE}.Release|Any CPU.ActiveCfg = Release|Any CPU
		{6FAC162E-558F-46A5-8B08-07342EA035DE}.Release|Any CPU.Build.0 = Release|Any CPU
	EndGlobalSection
	GlobalSection(SolutionProperties) = preSolution
		HideSolutionNode = FALSE
	EndGlobalSection
	GlobalSection(ExtensibilityGlobals) = postSolution
		SolutionGuid = {5E2FE1DE-9E7A-40B6-BDE3-29AB60C06BA5}
	EndGlobalSection
EndGlobal
